// !$*UTF8*$!
{
	archiveVersion = 1;
	classes = {
	};
	objectVersion = 50;
	objects = {

/* Begin PBXBuildFile section */
		E69A235F251A2AF20041A7AF /* AppDelegate.swift in Sources */ = {isa = PBXBuildFile; fileRef = E69A235E251A2AF20041A7AF /* AppDelegate.swift */; };
		E69A2361251A2AF20041A7AF /* SceneDelegate.swift in Sources */ = {isa = PBXBuildFile; fileRef = E69A2360251A2AF20041A7AF /* SceneDelegate.swift */; };
		E69A2363251A2AF20041A7AF /* ViewController.swift in Sources */ = {isa = PBXBuildFile; fileRef = E69A2362251A2AF20041A7AF /* ViewController.swift */; };
		E69A2366251A2AF20041A7AF /* Main.storyboard in Resources */ = {isa = PBXBuildFile; fileRef = E69A2364251A2AF20041A7AF /* Main.storyboard */; };
		E69A2369251A2AF20041A7AF /* Weather.xcdatamodeld in Sources */ = {isa = PBXBuildFile; fileRef = E69A2367251A2AF20041A7AF /* Weather.xcdatamodeld */; };
		E69A236B251A2B040041A7AF /* Assets.xcassets in Resources */ = {isa = PBXBuildFile; fileRef = E69A236A251A2B040041A7AF /* Assets.xcassets */; };
		E69A236E251A2B040041A7AF /* LaunchScreen.storyboard in Resources */ = {isa = PBXBuildFile; fileRef = E69A236C251A2B040041A7AF /* LaunchScreen.storyboard */; };
		E69A2379251A2B050041A7AF /* WeatherTests.swift in Sources */ = {isa = PBXBuildFile; fileRef = E69A2378251A2B050041A7AF /* WeatherTests.swift */; };
		E69A2384251A45830041A7AF /* WeatherDetailsVC.swift in Sources */ = {isa = PBXBuildFile; fileRef = E69A2383251A45830041A7AF /* WeatherDetailsVC.swift */; };
/* End PBXBuildFile section */

/* Begin PBXContainerItemProxy section */
		E69A2375251A2B050041A7AF /* PBXContainerItemProxy */ = {
			isa = PBXContainerItemProxy;
			containerPortal = E69A2353251A2AF10041A7AF /* Project object */;
			proxyType = 1;
			remoteGlobalIDString = E69A235A251A2AF10041A7AF;
			remoteInfo = Weather;
		};
/* End PBXContainerItemProxy section */

/* Begin PBXFileReference section */
		E69A235B251A2AF20041A7AF /* Weather.app */ = {isa = PBXFileReference; explicitFileType = wrapper.application; includeInIndex = 0; path = Weather.app; sourceTree = BUILT_PRODUCTS_DIR; };
		E69A235E251A2AF20041A7AF /* AppDelegate.swift */ = {isa = PBXFileReference; lastKnownFileType = sourcecode.swift; path = AppDelegate.swift; sourceTree = "<group>"; };
		E69A2360251A2AF20041A7AF /* SceneDelegate.swift */ = {isa = PBXFileReference; lastKnownFileType = sourcecode.swift; path = SceneDelegate.swift; sourceTree = "<group>"; };
		E69A2362251A2AF20041A7AF /* ViewController.swift */ = {isa = PBXFileReference; lastKnownFileType = sourcecode.swift; path = ViewController.swift; sourceTree = "<group>"; };
		E69A2365251A2AF20041A7AF /* Base */ = {isa = PBXFileReference; lastKnownFileType = file.storyboard; name = Base; path = Base.lproj/Main.storyboard; sourceTree = "<group>"; };
		E69A2368251A2AF20041A7AF /* Weather.xcdatamodel */ = {isa = PBXFileReference; lastKnownFileType = wrapper.xcdatamodel; path = Weather.xcdatamodel; sourceTree = "<group>"; };
		E69A236A251A2B040041A7AF /* Assets.xcassets */ = {isa = PBXFileReference; lastKnownFileType = folder.assetcatalog; path = Assets.xcassets; sourceTree = "<group>"; };
		E69A236D251A2B040041A7AF /* Base */ = {isa = PBXFileReference; lastKnownFileType = file.storyboard; name = Base; path = Base.lproj/LaunchScreen.storyboard; sourceTree = "<group>"; };
		E69A236F251A2B040041A7AF /* Info.plist */ = {isa = PBXFileReference; lastKnownFileType = text.plist.xml; path = Info.plist; sourceTree = "<group>"; };
		E69A2374251A2B050041A7AF /* WeatherTests.xctest */ = {isa = PBXFileReference; explicitFileType = wrapper.cfbundle; includeInIndex = 0; path = WeatherTests.xctest; sourceTree = BUILT_PRODUCTS_DIR; };
		E69A2378251A2B050041A7AF /* WeatherTests.swift */ = {isa = PBXFileReference; lastKnownFileType = sourcecode.swift; path = WeatherTests.swift; sourceTree = "<group>"; };
		E69A237A251A2B050041A7AF /* Info.plist */ = {isa = PBXFileReference; lastKnownFileType = text.plist.xml; path = Info.plist; sourceTree = "<group>"; };
		E69A2383251A45830041A7AF /* WeatherDetailsVC.swift */ = {isa = PBXFileReference; lastKnownFileType = sourcecode.swift; path = WeatherDetailsVC.swift; sourceTree = "<group>"; };
/* End PBXFileReference section */

/* Begin PBXFrameworksBuildPhase section */
		E69A2358251A2AF10041A7AF /* Frameworks */ = {
			isa = PBXFrameworksBuildPhase;
			buildActionMask = 2147483647;
			files = (
			);
			runOnlyForDeploymentPostprocessing = 0;
		};
		E69A2371251A2B050041A7AF /* Frameworks */ = {
			isa = PBXFrameworksBuildPhase;
			buildActionMask = 2147483647;
			files = (
			);
			runOnlyForDeploymentPostprocessing = 0;
		};
/* End PBXFrameworksBuildPhase section */

/* Begin PBXGroup section */
		E69A2352251A2AF10041A7AF = {
			isa = PBXGroup;
			children = (
				E69A235D251A2AF20041A7AF /* Weather */,
				E69A2377251A2B050041A7AF /* WeatherTests */,
				E69A235C251A2AF20041A7AF /* Products */,
			);
			sourceTree = "<group>";
		};
		E69A235C251A2AF20041A7AF /* Products */ = {
			isa = PBXGroup;
			children = (
				E69A235B251A2AF20041A7AF /* Weather.app */,
				E69A2374251A2B050041A7AF /* WeatherTests.xctest */,
			);
			name = Products;
			sourceTree = "<group>";
		};
		E69A235D251A2AF20041A7AF /* Weather */ = {
			isa = PBXGroup;
			children = (
				E69A235E251A2AF20041A7AF /* AppDelegate.swift */,
				E69A2360251A2AF20041A7AF /* SceneDelegate.swift */,
				E69A2362251A2AF20041A7AF /* ViewController.swift */,
				E69A2364251A2AF20041A7AF /* Main.storyboard */,
				E69A236A251A2B040041A7AF /* Assets.xcassets */,
				E69A236C251A2B040041A7AF /* LaunchScreen.storyboard */,
				E69A236F251A2B040041A7AF /* Info.plist */,
				E69A2367251A2AF20041A7AF /* Weather.xcdatamodeld */,
				E69A2383251A45830041A7AF /* WeatherDetailsVC.swift */,
			);
			path = Weather;
			sourceTree = "<group>";
		};
		E69A2377251A2B050041A7AF /* WeatherTests */ = {
			isa = PBXGroup;
			children = (
				E69A2378251A2B050041A7AF /* WeatherTests.swift */,
				E69A237A251A2B050041A7AF /* Info.plist */,
			);
			path = WeatherTests;
			sourceTree = "<group>";
		};
/* End PBXGroup section */

/* Begin PBXNativeTarget section */
		E69A235A251A2AF10041A7AF /* Weather */ = {
			isa = PBXNativeTarget;
			buildConfigurationList = E69A237D251A2B050041A7AF /* Build configuration list for PBXNativeTarget "Weather" */;
			buildPhases = (
				E69A2357251A2AF10041A7AF /* Sources */,
				E69A2358251A2AF10041A7AF /* Frameworks */,
				E69A2359251A2AF10041A7AF /* Resources */,
			);
			buildRules = (
			);
			dependencies = (
			);
			name = Weather;
			productName = Weather;
			productReference = E69A235B251A2AF20041A7AF /* Weather.app */;
			productType = "com.apple.product-type.application";
		};
		E69A2373251A2B050041A7AF /* WeatherTests */ = {
			isa = PBXNativeTarget;
			buildConfigurationList = E69A2380251A2B050041A7AF /* Build configuration list for PBXNativeTarget "WeatherTests" */;
			buildPhases = (
				E69A2370251A2B050041A7AF /* Sources */,
				E69A2371251A2B050041A7AF /* Frameworks */,
				E69A2372251A2B050041A7AF /* Resources */,
			);
			buildRules = (
			);
			dependencies = (
				E69A2376251A2B050041A7AF /* PBXTargetDependency */,
			);
			name = WeatherTests;
			productName = WeatherTests;
			productReference = E69A2374251A2B050041A7AF /* WeatherTests.xctest */;
			productType = "com.apple.product-type.bundle.unit-test";
		};
/* End PBXNativeTarget section */

/* Begin PBXProject section */
		E69A2353251A2AF10041A7AF /* Project object */ = {
			isa = PBXProject;
			attributes = {
				LastSwiftUpdateCheck = 1130;
				LastUpgradeCheck = 1130;
				ORGANIZATIONNAME = App;
				TargetAttributes = {
					E69A235A251A2AF10041A7AF = {
						CreatedOnToolsVersion = 11.3.1;
					};
					E69A2373251A2B050041A7AF = {
						CreatedOnToolsVersion = 11.3.1;
						TestTargetID = E69A235A251A2AF10041A7AF;
					};
				};
			};
			buildConfigurationList = E69A2356251A2AF10041A7AF /* Build configuration list for PBXProject "Weather" */;
			compatibilityVersion = "Xcode 9.3";
			developmentRegion = en;
			hasScannedForEncodings = 0;
			knownRegions = (
				en,
				Base,
			);
			mainGroup = E69A2352251A2AF10041A7AF;
			productRefGroup = E69A235C251A2AF20041A7AF /* Products */;
			projectDirPath = "";
			projectRoot = "";
			targets = (
				E69A235A251A2AF10041A7AF /* Weather */,
				E69A2373251A2B050041A7AF /* WeatherTests */,
			);
		};
/* End PBXProject section */

/* Begin PBXResourcesBuildPhase section */
		E69A2359251A2AF10041A7AF /* Resources */ = {
			isa = PBXResourcesBuildPhase;
			buildActionMask = 2147483647;
			files = (
				E69A236E251A2B040041A7AF /* LaunchScreen.storyboard in Resources */,
				E69A236B251A2B040041A7AF /* Assets.xcassets in Resources */,
				E69A2366251A2AF20041A7AF /* Main.storyboard in Resources */,
			);
			runOnlyForDeploymentPostprocessing = 0;
		};
		E69A2372251A2B050041A7AF /* Resources */ = {
			isa = PBXResourcesBuildPhase;
			buildActionMask = 2147483647;
			files = (
			);
			runOnlyForDeploymentPostprocessing = 0;
		};
/* End PBXResourcesBuildPhase section */

/* Begin PBXSourcesBuildPhase section */
		E69A2357251A2AF10041A7AF /* Sources */ = {
			isa = PBXSourcesBuildPhase;
			buildActionMask = 2147483647;
			files = (
				E69A2369251A2AF20041A7AF /* Weather.xcdatamodeld in Sources */,
				E69A2363251A2AF20041A7AF /* ViewController.swift in Sources */,
				E69A235F251A2AF20041A7AF /* AppDelegate.swift in Sources */,
				E69A2384251A45830041A7AF /* WeatherDetailsVC.swift in Sources */,
				E69A2361251A2AF20041A7AF /* SceneDelegate.swift in Sources */,
			);
			runOnlyForDeploymentPostprocessing = 0;
		};
		E69A2370251A2B050041A7AF /* Sources */ = {
			isa = PBXSourcesBuildPhase;
			buildActionMask = 2147483647;
			files = (
				E69A2379251A2B050041A7AF /* WeatherTests.swift in Sources */,
			);
			runOnlyForDeploymentPostprocessing = 0;
		};
/* End PBXSourcesBuildPhase section */

/* Begin PBXTargetDependency section */
		E69A2376251A2B050041A7AF /* PBXTargetDependency */ = {
			isa = PBXTargetDependency;
			target = E69A235A251A2AF10041A7AF /* Weather */;
			targetProxy = E69A2375251A2B050041A7AF /* PBXContainerItemProxy */;
		};
/* End PBXTargetDependency section */

/* Begin PBXVariantGroup section */
		E69A2364251A2AF20041A7AF /* Main.storyboard */ = {
			isa = PBXVariantGroup;
			children = (
				E69A2365251A2AF20041A7AF /* Base */,
			);
			name = Main.storyboard;
			sourceTree = "<group>";
		};
		E69A236C251A2B040041A7AF /* LaunchScreen.storyboard */ = {
			isa = PBXVariantGroup;
			children = (
				E69A236D251A2B040041A7AF /* Base */,
			);
			name = LaunchScreen.storyboard;
			sourceTree = "<group>";
		};
/* End PBXVariantGroup section */

/* Begin XCBuildConfiguration section */
		E69A237B251A2B050041A7AF /* Debug */ = {
			isa = XCBuildConfiguration;
			buildSettings = {
				ALWAYS_SEARCH_USER_PATHS = NO;
				CLANG_ANALYZER_NONNULL = YES;
				CLANG_ANALYZER_NUMBER_OBJECT_CONVERSION = YES_AGGRESSIVE;
				CLANG_CXX_LANGUAGE_STANDARD = "gnu++14";
				CLANG_CXX_LIBRARY = "libc++";
				CLANG_ENABLE_MODULES = YES;
				CLANG_ENABLE_OBJC_ARC = YES;
				CLANG_ENABLE_OBJC_WEAK = YES;
				CLANG_WARN_BLOCK_CAPTURE_AUTORELEASING = YES;
				CLANG_WARN_BOOL_CONVERSION = YES;
				CLANG_WARN_COMMA = YES;
				CLANG_WARN_CONSTANT_CONVERSION = YES;
				CLANG_WARN_DEPRECATED_OBJC_IMPLEMENTATIONS = YES;
				CLANG_WARN_DIRECT_OBJC_ISA_USAGE = YES_ERROR;
				CLANG_WARN_DOCUMENTATION_COMMENTS = YES;
				CLANG_WARN_EMPTY_BODY = YES;
				CLANG_WARN_ENUM_CONVERSION = YES;
				CLANG_WARN_INFINITE_RECURSION = YES;
				CLANG_WARN_INT_CONVERSION = YES;
				CLANG_WARN_NON_LITERAL_NULL_CONVERSION = YES;
				CLANG_WARN_OBJC_IMPLICIT_RETAIN_SELF = YES;
				CLANG_WARN_OBJC_LITERAL_CONVERSION = YES;
				CLANG_WARN_OBJC_ROOT_CLASS = YES_ERROR;
				CLANG_WARN_RANGE_LOOP_ANALYSIS = YES;
				CLANG_WARN_STRICT_PROTOTYPES = YES;
				CLANG_WARN_SUSPICIOUS_MOVE = YES;
				CLANG_WARN_UNGUARDED_AVAILABILITY = YES_AGGRESSIVE;
				CLANG_WARN_UNREACHABLE_CODE = YES;
				CLANG_WARN__DUPLICATE_METHOD_MATCH = YES;
				COPY_PHASE_STRIP = NO;
				DEBUG_INFORMATION_FORMAT = dwarf;
				ENABLE_STRICT_OBJC_MSGSEND = YES;
				ENABLE_TESTABILITY = YES;
				GCC_C_LANGUAGE_STANDARD = gnu11;
				GCC_DYNAMIC_NO_PIC = NO;
				GCC_NO_COMMON_BLOCKS = YES;
				GCC_OPTIMIZATION_LEVEL = 0;
				GCC_PREPROCESSOR_DEFINITIONS = (
					"DEBUG=1",
					"$(inherited)",
				);
				GCC_WARN_64_TO_32_BIT_CONVERSION = YES;
				GCC_WARN_ABOUT_RETURN_TYPE = YES_ERROR;
				GCC_WARN_UNDECLARED_SELECTOR = YES;
				GCC_WARN_UNINITIALIZED_AUTOS = YES_AGGRESSIVE;
				GCC_WARN_UNUSED_FUNCTION = YES;
				GCC_WARN_UNUSED_VARIABLE = YES;
				IPHONEOS_DEPLOYMENT_TARGET = 12.1;
				MTL_ENABLE_DEBUG_INFO = INCLUDE_SOURCE;
				MTL_FAST_MATH = YES;
				ONLY_ACTIVE_ARCH = YES;
				SDKROOT = iphoneos;
				SWIFT_ACTIVE_COMPILATION_CONDITIONS = DEBUG;
				SWIFT_OPTIMIZATION_LEVEL = "-Onone";
			};
			name = Debug;
		};
		E69A237C251A2B050041A7AF /* Release */ = {
			isa = XCBuildConfiguration;
			buildSettings = {
				ALWAYS_SEARCH_USER_PATHS = NO;
				CLANG_ANALYZER_NONNULL = YES;
				CLANG_ANALYZER_NUMBER_OBJECT_CONVERSION = YES_AGGRESSIVE;
				CLANG_CXX_LANGUAGE_STANDARD = "gnu++14";
				CLANG_CXX_LIBRARY = "libc++";
				CLANG_ENABLE_MODULES = YES;
				CLANG_ENABLE_OBJC_ARC = YES;
				CLANG_ENABLE_OBJC_WEAK = YES;
				CLANG_WARN_BLOCK_CAPTURE_AUTORELEASING = YES;
				CLANG_WARN_BOOL_CONVERSION = YES;
				CLANG_WARN_COMMA = YES;
				CLANG_WARN_CONSTANT_CONVERSION = YES;
				CLANG_WARN_DEPRECATED_OBJC_IMPLEMENTATIONS = YES;
				CLANG_WARN_DIRECT_OBJC_ISA_USAGE = YES_ERROR;
				CLANG_WARN_DOCUMENTATION_COMMENTS = YES;
				CLANG_WARN_EMPTY_BODY = YES;
				CLANG_WARN_ENUM_CONVERSION = YES;
				CLANG_WARN_INFINITE_RECURSION = YES;
				CLANG_WARN_INT_CONVERSION = YES;
				CLANG_WARN_NON_LITERAL_NULL_CONVERSION = YES;
				CLANG_WARN_OBJC_IMPLICIT_RETAIN_SELF = YES;
				CLANG_WARN_OBJC_LITERAL_CONVERSION = YES;
				CLANG_WARN_OBJC_ROOT_CLASS = YES_ERROR;
				CLANG_WARN_RANGE_LOOP_ANALYSIS = YES;
				CLANG_WARN_STRICT_PROTOTYPES = YES;
				CLANG_WARN_SUSPICIOUS_MOVE = YES;
				CLANG_WARN_UNGUARDED_AVAILABILITY = YES_AGGRESSIVE;
				CLANG_WARN_UNREACHABLE_CODE = YES;
				CLANG_WARN__DUPLICATE_METHOD_MATCH = YES;
				COPY_PHASE_STRIP = NO;
				DEBUG_INFORMATION_FORMAT = "dwarf-with-dsym";
				ENABLE_NS_ASSERTIONS = NO;
				ENABLE_STRICT_OBJC_MSGSEND = YES;
				GCC_C_LANGUAGE_STANDARD = gnu11;
				GCC_NO_COMMON_BLOCKS = YES;
				GCC_WARN_64_TO_32_BIT_CONVERSION = YES;
				GCC_WARN_ABOUT_RETURN_TYPE = YES_ERROR;
				GCC_WARN_UNDECLARED_SELECTOR = YES;
				GCC_WARN_UNINITIALIZED_AUTOS = YES_AGGRESSIVE;
				GCC_WARN_UNUSED_FUNCTION = YES;
				GCC_WARN_UNUSED_VARIABLE = YES;
				IPHONEOS_DEPLOYMENT_TARGET = 12.1;
				MTL_ENABLE_DEBUG_INFO = NO;
				MTL_FAST_MATH = YES;
				SDKROOT = iphoneos;
				SWIFT_COMPILATION_MODE = wholemodule;
				SWIFT_OPTIMIZATION_LEVEL = "-O";
				VALIDATE_PRODUCT = YES;
			};
			name = Release;
		};
		E69A237E251A2B050041A7AF /* Debug */ = {
			isa = XCBuildConfiguration;
			buildSettings = {
				ASSETCATALOG_COMPILER_APPICON_NAME = AppIcon;
				CODE_SIGN_STYLE = Automatic;
				DEVELOPMENT_TEAM = "";
				INFOPLIST_FILE = Weather/Info.plist;
				LD_RUNPATH_SEARCH_PATHS = (
					"$(inherited)",
					"@executable_path/Frameworks",
				);
				PRODUCT_BUNDLE_IDENTIFIER = com.rj.weather;
				PRODUCT_NAME = "$(TARGET_NAME)";
				SWIFT_VERSION = 5.0;
				TARGETED_DEVICE_FAMILY = "1,2";
			};
			name = Debug;
		};
		E69A237F251A2B050041A7AF /* Release */ = {
			isa = XCBuildConfiguration;
			buildSettings = {
				ASSETCATALOG_COMPILER_APPICON_NAME = AppIcon;
				CODE_SIGN_STYLE = Automatic;
				DEVELOPMENT_TEAM = "";
				INFOPLIST_FILE = Weather/Info.plist;
				LD_RUNPATH_SEARCH_PATHS = (
					"$(inherited)",
					"@executable_path/Frameworks",
				);
				PRODUCT_BUNDLE_IDENTIFIER = com.rj.weather;
				PRODUCT_NAME = "$(TARGET_NAME)";
				SWIFT_VERSION = 5.0;
				TARGETED_DEVICE_FAMILY = "1,2";
			};
			name = Release;
		};
		E69A2381251A2B050041A7AF /* Debug */ = {
			isa = XCBuildConfiguration;
			buildSettings = {
				ALWAYS_EMBED_SWIFT_STANDARD_LIBRARIES = YES;
				BUNDLE_LOADER = "$(TEST_HOST)";
				CODE_SIGN_STYLE = Automatic;
				INFOPLIST_FILE = WeatherTests/Info.plist;
				IPHONEOS_DEPLOYMENT_TARGET = 13.2;
				LD_RUNPATH_SEARCH_PATHS = (
					"$(inherited)",
					"@executable_path/Frameworks",
					"@loader_path/Frameworks",
				);
				PRODUCT_BUNDLE_IDENTIFIER = com.weather.WeatherTests;
				PRODUCT_NAME = "$(TARGET_NAME)";
				SWIFT_VERSION = 5.0;
				TARGETED_DEVICE_FAMILY = "1,2";
				TEST_HOST = "$(BUILT_PRODUCTS_DIR)/Weather.app/Weather";
			};
			name = Debug;
		};
		E69A2382251A2B050041A7AF /* Release */ = {
			isa = XCBuildConfiguration;
			buildSettings = {
				ALWAYS_EMBED_SWIFT_STANDARD_LIBRARIES = YES;
				BUNDLE_LOADER = "$(TEST_HOST)";
				CODE_SIGN_STYLE = Automatic;
				INFOPLIST_FILE = WeatherTests/Info.plist;
				IPHONEOS_DEPLOYMENT_TARGET = 13.2;
				LD_RUNPATH_SEARCH_PATHS = (
					"$(inherited)",
					"@executable_path/Frameworks",
					"@loader_path/Frameworks",
				);
				PRODUCT_BUNDLE_IDENTIFIER = com.weather.WeatherTests;
				PRODUCT_NAME = "$(TARGET_NAME)";
				SWIFT_VERSION = 5.0;
				TARGETED_DEVICE_FAMILY = "1,2";
				TEST_HOST = "$(BUILT_PRODUCTS_DIR)/Weather.app/Weather";
			};
			name = Release;
		};
/* End XCBuildConfiguration section */

/* Begin XCConfigurationList section */
		E69A2356251A2AF10041A7AF /* Build configuration list for PBXProject "Weather" */ = {
			isa = XCConfigurationList;
			buildConfigurations = (
				E69A237B251A2B050041A7AF /* Debug */,
				E69A237C251A2B050041A7AF /* Release */,
			);
			defaultConfigurationIsVisible = 0;
			defaultConfigurationName = Release;
		};
		E69A237D251A2B050041A7AF /* Build configuration list for PBXNativeTarget "Weather" */ = {
			isa = XCConfigurationList;
			buildConfigurations = (
				E69A237E251A2B050041A7AF /* Debug */,
				E69A237F251A2B050041A7AF /* Release */,
			);
			defaultConfigurationIsVisible = 0;
			defaultConfigurationName = Release;
		};
		E69A2380251A2B050041A7AF /* Build configuration list for PBXNativeTarget "WeatherTests" */ = {
			isa = XCConfigurationList;
			buildConfigurations = (
				E69A2381251A2B050041A7AF /* Debug */,
				E69A2382251A2B050041A7AF /* Release */,
			);
			defaultConfigurationIsVisible = 0;
			defaultConfigurationName = Release;
		};
/* End XCConfigurationList section */

/* Begin XCVersionGroup section */
		E69A2367251A2AF20041A7AF /* Weather.xcdatamodeld */ = {
			isa = XCVersionGroup;
			children = (
				E69A2368251A2AF20041A7AF /* Weather.xcdatamodel */,
			);
			currentVersion = E69A2368251A2AF20041A7AF /* Weather.xcdatamodel */;
			path = Weather.xcdatamodeld;
			sourceTree = "<group>";
			versionGroupType = wrapper.xcdatamodel;
		};
/* End XCVersionGroup section */
	};
	rootObject = E69A2353251A2AF10041A7AF /* Project object */;
}
